
Microsoft Visual Studio Solution File, Format Version 12.00
# Visual Studio Version 17
VisualStudioVersion = 17.12.35527.113 d17.12
MinimumVisualStudioVersion = 10.0.40219.1
Project("{FAE04EC0-301F-11D3-BF4B-00C04F79EFBC}") = "FastFood.Web", "FastFood.Web\FastFood.Web.csproj", "{CA604E84-F483-4F5D-8868-FE35DDF07F01}"
EndProject
Project("{FAE04EC0-301F-11D3-BF4B-00C04F79EFBC}") = "FastFood.Modals", "FastFood.Modals\FastFood.Modals.csproj", "{498C9386-6F44-4B49-975C-298902509CB4}"
EndProject
Project("{FAE04EC0-301F-11D3-BF4B-00C04F79EFBC}") = "FastFood.Repository", "FastFood.Repository\FastFood.Repository.csproj", "{07B599E0-6F85-4687-9FD5-C11404E82760}"
EndProject
Project("{FAE04EC0-301F-11D3-BF4B-00C04F79EFBC}") = "FastFood.Services", "FastFood.Services\FastFood.Services.csproj", "{800AB46F-7E20-4502-B5F4-A9CC461FF93E}"
EndProject
Global
	GlobalSection(SolutionConfigurationPlatforms) = preSolution
		Debug|Any CPU = Debug|Any CPU
		Release|Any CPU = Release|Any CPU
	EndGlobalSection
	GlobalSection(ProjectConfigurationPlatforms) = postSolution
		{CA604E84-F483-4F5D-8868-FE35DDF07F01}.Debug|Any CPU.ActiveCfg = Debug|Any CPU
		{CA604E84-F483-4F5D-8868-FE35DDF07F01}.Debug|Any CPU.Build.0 = Debug|Any CPU
		{CA604E84-F483-4F5D-8868-FE35DDF07F01}.Release|Any CPU.ActiveCfg = Release|Any CPU
		{CA604E84-F483-4F5D-8868-FE35DDF07F01}.Release|Any CPU.Build.0 = Release|Any CPU
		{498C9386-6F44-4B49-975C-298902509CB4}.Debug|Any CPU.ActiveCfg = Debug|Any CPU
		{498C9386-6F44-4B49-975C-298902509CB4}.Debug|Any CPU.Build.0 = Debug|Any CPU
		{498C9386-6F44-4B49-975C-298902509CB4}.Release|Any CPU.ActiveCfg = Release|Any CPU
		{498C9386-6F44-4B49-975C-298902509CB4}.Release|Any CPU.Build.0 = Release|Any CPU
		{07B599E0-6F85-4687-9FD5-C11404E82760}.Debug|Any CPU.ActiveCfg = Debug|Any CPU
		{07B599E0-6F85-4687-9FD5-C11404E82760}.Debug|Any CPU.Build.0 = Debug|Any CPU
		{07B599E0-6F85-4687-9FD5-C11404E82760}.Release|Any CPU.ActiveCfg = Release|Any CPU
		{07B599E0-6F85-4687-9FD5-C11404E82760}.Release|Any CPU.Build.0 = Release|Any CPU
		{800AB46F-7E20-4502-B5F4-A9CC461FF93E}.Debug|Any CPU.ActiveCfg = Debug|Any CPU
		{800AB46F-7E20-4502-B5F4-A9CC461FF93E}.Debug|Any CPU.Build.0 = Debug|Any CPU
		{800AB46F-7E20-4502-B5F4-A9CC461FF93E}.Release|Any CPU.ActiveCfg = Release|Any CPU
		{800AB46F-7E20-4502-B5F4-A9CC461FF93E}.Release|Any CPU.Build.0 = Release|Any CPU
	EndGlobalSection
	GlobalSection(SolutionProperties) = preSolution
		HideSolutionNode = FALSE
	EndGlobalSection
EndGlobal
